
Microsoft Visual Studio Solution File, Format Version 12.00
# Visual Studio Version 17
VisualStudioVersion = 17.8.34525.116
MinimumVisualStudioVersion = 10.0.40219.1
Project("{FAE04EC0-301F-11D3-BF4B-00C04F79EFBC}") = "FindMe.API", "FindMe.API\FindMe.API.csproj", "{54A55897-C17A-4258-839C-3493159E933C}"
EndProject
Project("{2150E333-8FDC-42A3-9474-1A3956D46DE8}") = "SW", "SW", "{8D082C72-7C7C-48F9-A2E8-46C7D9379BCE}"
EndProject
Project("{2150E333-8FDC-42A3-9474-1A3956D46DE8}") = "Test", "Test", "{DF2122A6-7083-4C17-9044-1A0B4790198A}"
EndProject
Project("{2150E333-8FDC-42A3-9474-1A3956D46DE8}") = "Presentation", "Presentation", "{E91C4917-CE6C-42CA-AC5C-BD284DCF37AD}"
EndProject
Project("{FAE04EC0-301F-11D3-BF4B-00C04F79EFBC}") = "FindMe.Presentation", "FindMe.Presentation\FindMe.Presentation.csproj", "{5A73BB58-9066-4D80-AEF8-F9C7A5A91E55}"
EndProject
Project("{2150E333-8FDC-42A3-9474-1A3956D46DE8}") = "Core", "Core", "{A99E332B-CA7D-4EBD-99E1-DE3E5D48B8E6}"
EndProject
Project("{FAE04EC0-301F-11D3-BF4B-00C04F79EFBC}") = "FindMe.Application", "FindMe.Application\FindMe.Application.csproj", "{A733F014-402E-4A70-BDA1-25E7D8DA911F}"
EndProject
Project("{FAE04EC0-301F-11D3-BF4B-00C04F79EFBC}") = "FindMe.Domain", "FindMe.Domain\FindMe.Domain.csproj", "{79ECC040-6412-4ECF-9032-A15D84290571}"
EndProject
Project("{2150E333-8FDC-42A3-9474-1A3956D46DE8}") = "Shared", "Shared", "{299CBCC9-D65A-4A62-AC75-2A39370B3F35}"
EndProject
Project("{FAE04EC0-301F-11D3-BF4B-00C04F79EFBC}") = "FindMe.Shared", "FindMe.Shared\FindMe.Shared.csproj", "{E7F552B2-BF5A-4942-9269-991ABFBF0C24}"
EndProject
Project("{2150E333-8FDC-42A3-9474-1A3956D46DE8}") = "Infrastructure", "Infrastructure", "{C8CD7234-0A91-4950-9B23-3574F5EEABC7}"
EndProject
Project("{FAE04EC0-301F-11D3-BF4B-00C04F79EFBC}") = "FindMe.Infrastructure", "FindMe.Infrastructure\FindMe.Infrastructure.csproj", "{A4493251-CD4E-4C5A-B8C5-015AE21FEA69}"
EndProject
Project("{FAE04EC0-301F-11D3-BF4B-00C04F79EFBC}") = "FindMe.Presistance", "FindMe.Presistance\FindMe.Presistance.csproj", "{1D6D2374-11C2-4141-9394-D3550021C5D5}"
EndProject
Global
	GlobalSection(SolutionConfigurationPlatforms) = preSolution
		Debug|Any CPU = Debug|Any CPU
		Release|Any CPU = Release|Any CPU
	EndGlobalSection
	GlobalSection(ProjectConfigurationPlatforms) = postSolution
		{54A55897-C17A-4258-839C-3493159E933C}.Debug|Any CPU.ActiveCfg = Debug|Any CPU
		{54A55897-C17A-4258-839C-3493159E933C}.Debug|Any CPU.Build.0 = Debug|Any CPU
		{54A55897-C17A-4258-839C-3493159E933C}.Release|Any CPU.ActiveCfg = Release|Any CPU
		{54A55897-C17A-4258-839C-3493159E933C}.Release|Any CPU.Build.0 = Release|Any CPU
		{5A73BB58-9066-4D80-AEF8-F9C7A5A91E55}.Debug|Any CPU.ActiveCfg = Debug|Any CPU
		{5A73BB58-9066-4D80-AEF8-F9C7A5A91E55}.Debug|Any CPU.Build.0 = Debug|Any CPU
		{5A73BB58-9066-4D80-AEF8-F9C7A5A91E55}.Release|Any CPU.ActiveCfg = Release|Any CPU
		{5A73BB58-9066-4D80-AEF8-F9C7A5A91E55}.Release|Any CPU.Build.0 = Release|Any CPU
		{A733F014-402E-4A70-BDA1-25E7D8DA911F}.Debug|Any CPU.ActiveCfg = Debug|Any CPU
		{A733F014-402E-4A70-BDA1-25E7D8DA911F}.Debug|Any CPU.Build.0 = Debug|Any CPU
		{A733F014-402E-4A70-BDA1-25E7D8DA911F}.Release|Any CPU.ActiveCfg = Release|Any CPU
		{A733F014-402E-4A70-BDA1-25E7D8DA911F}.Release|Any CPU.Build.0 = Release|Any CPU
		{79ECC040-6412-4ECF-9032-A15D84290571}.Debug|Any CPU.ActiveCfg = Debug|Any CPU
		{79ECC040-6412-4ECF-9032-A15D84290571}.Debug|Any CPU.Build.0 = Debug|Any CPU
		{79ECC040-6412-4ECF-9032-A15D84290571}.Release|Any CPU.ActiveCfg = Release|Any CPU
		{79ECC040-6412-4ECF-9032-A15D84290571}.Release|Any CPU.Build.0 = Release|Any CPU
		{E7F552B2-BF5A-4942-9269-991ABFBF0C24}.Debug|Any CPU.ActiveCfg = Debug|Any CPU
		{E7F552B2-BF5A-4942-9269-991ABFBF0C24}.Debug|Any CPU.Build.0 = Debug|Any CPU
		{E7F552B2-BF5A-4942-9269-991ABFBF0C24}.Release|Any CPU.ActiveCfg = Release|Any CPU
		{E7F552B2-BF5A-4942-9269-991ABFBF0C24}.Release|Any CPU.Build.0 = Release|Any CPU
		{A4493251-CD4E-4C5A-B8C5-015AE21FEA69}.Debug|Any CPU.ActiveCfg = Debug|Any CPU
		{A4493251-CD4E-4C5A-B8C5-015AE21FEA69}.Debug|Any CPU.Build.0 = Debug|Any CPU
		{A4493251-CD4E-4C5A-B8C5-015AE21FEA69}.Release|Any CPU.ActiveCfg = Release|Any CPU
		{A4493251-CD4E-4C5A-B8C5-015AE21FEA69}.Release|Any CPU.Build.0 = Release|Any CPU
		{1D6D2374-11C2-4141-9394-D3550021C5D5}.Debug|Any CPU.ActiveCfg = Debug|Any CPU
		{1D6D2374-11C2-4141-9394-D3550021C5D5}.Debug|Any CPU.Build.0 = Debug|Any CPU
		{1D6D2374-11C2-4141-9394-D3550021C5D5}.Release|Any CPU.ActiveCfg = Release|Any CPU
		{1D6D2374-11C2-4141-9394-D3550021C5D5}.Release|Any CPU.Build.0 = Release|Any CPU
	EndGlobalSection
	GlobalSection(SolutionProperties) = preSolution
		HideSolutionNode = FALSE
	EndGlobalSection
	GlobalSection(NestedProjects) = preSolution
		{54A55897-C17A-4258-839C-3493159E933C} = {E91C4917-CE6C-42CA-AC5C-BD284DCF37AD}
		{E91C4917-CE6C-42CA-AC5C-BD284DCF37AD} = {8D082C72-7C7C-48F9-A2E8-46C7D9379BCE}
		{5A73BB58-9066-4D80-AEF8-F9C7A5A91E55} = {E91C4917-CE6C-42CA-AC5C-BD284DCF37AD}
		{A99E332B-CA7D-4EBD-99E1-DE3E5D48B8E6} = {8D082C72-7C7C-48F9-A2E8-46C7D9379BCE}
		{A733F014-402E-4A70-BDA1-25E7D8DA911F} = {A99E332B-CA7D-4EBD-99E1-DE3E5D48B8E6}
		{79ECC040-6412-4ECF-9032-A15D84290571} = {A99E332B-CA7D-4EBD-99E1-DE3E5D48B8E6}
		{299CBCC9-D65A-4A62-AC75-2A39370B3F35} = {8D082C72-7C7C-48F9-A2E8-46C7D9379BCE}
		{E7F552B2-BF5A-4942-9269-991ABFBF0C24} = {299CBCC9-D65A-4A62-AC75-2A39370B3F35}
		{C8CD7234-0A91-4950-9B23-3574F5EEABC7} = {8D082C72-7C7C-48F9-A2E8-46C7D9379BCE}
		{A4493251-CD4E-4C5A-B8C5-015AE21FEA69} = {C8CD7234-0A91-4950-9B23-3574F5EEABC7}
		{1D6D2374-11C2-4141-9394-D3550021C5D5} = {C8CD7234-0A91-4950-9B23-3574F5EEABC7}
	EndGlobalSection
	GlobalSection(ExtensibilityGlobals) = postSolution
		SolutionGuid = {4748C1F0-DCF7-46E5-B0FF-693D11734054}
	EndGlobalSection
EndGlobal
